
Microsoft Visual Studio Solution File, Format Version 12.00
# Visual Studio Version 17
VisualStudioVersion = 17.10.35013.160
MinimumVisualStudioVersion = 10.0.40219.1
Project("{FAE04EC0-301F-11D3-BF4B-00C04F79EFBC}") = "Varianta7", "Varianta7\Varianta7.csproj", "{62942885-F4F8-4524-915B-B81BDCF572BE}"
EndProject
Global
	GlobalSection(SolutionConfigurationPlatforms) = preSolution
		Debug|Any CPU = Debug|Any CPU
		Release|Any CPU = Release|Any CPU
	EndGlobalSection
	GlobalSection(ProjectConfigurationPlatforms) = postSolution
		{62942885-F4F8-4524-915B-B81BDCF572BE}.Debug|Any CPU.ActiveCfg = Debug|Any CPU
		{62942885-F4F8-4524-915B-B81BDCF572BE}.Debug|Any CPU.Build.0 = Debug|Any CPU
		{62942885-F4F8-4524-915B-B81BDCF572BE}.Release|Any CPU.ActiveCfg = Release|Any CPU
		{62942885-F4F8-4524-915B-B81BDCF572BE}.Release|Any CPU.Build.0 = Release|Any CPU
	EndGlobalSection
	GlobalSection(SolutionProperties) = preSolution
		HideSolutionNode = FALSE
	EndGlobalSection
	GlobalSection(ExtensibilityGlobals) = postSolution
		SolutionGuid = {562F87F4-4278-4E96-91D2-6EC0D52FA113}
	EndGlobalSection
EndGlobal
